
Microsoft Visual Studio Solution File, Format Version 10.00
# Visual C++ Express 2008
Project("{8BC9CEB8-8B4A-11D0-8D11-00A0C91BC942}") = "projekt", "projekt.vcproj", "{f1a8f904-a8be-46f3-b8fc-5abcb4cce505}"
EndProject
Global
	GlobalSection(SolutionConfigurationPlatforms) = preSolution
		Debug|Win32 = Debug|Win32
		Release|Win32 = Release|Win32
	EndGlobalSection
	GlobalSection(ProjectConfigurationPlatforms) = postSolution
		{f1a8f904-a8be-46f3-b8fc-5abcb4cce505}.Debug|Win32.ActiveCfg = Debug|Win32
		{f1a8f904-a8be-46f3-b8fc-5abcb4cce505}.Debug|Win32.Build.0 = Debug|Win32
		{f1a8f904-a8be-46f3-b8fc-5abcb4cce505}.Release|Win32.ActiveCfg = Release|Win32
		{f1a8f904-a8be-46f3-b8fc-5abcb4cce505}.Release|Win32.Build.0 = Release|Win32
	EndGlobalSection
	GlobalSection(SolutionProperties) = preSolution
		HideSolutionNode = FALSE
	EndGlobalSection
EndGlobal